
Microsoft Visual Studio Solution File, Format Version 12.00
# Visual Studio Version 16
VisualStudioVersion = 16.0.29519.87
MinimumVisualStudioVersion = 10.0.40219.1
Project("{9A19103F-16F7-4668-BE54-9A1E7A4F7556}") = "MathSe", "MathSe.csproj", "{4F10209E-17B2-4B5F-8476-7B509D9F5C1B}"
EndProject
Project("{2150E333-8FDC-42A3-9474-1A3956D46DE8}") = "Solution Items", "Solution Items", "{B1AC168C-6AA7-4593-817F-5CD22FF6AA03}"
	ProjectSection(SolutionItems) = preProject
		.editorconfig = .editorconfig
	EndProjectSection
EndProject
Project("{FAE04EC0-301F-11D3-BF4B-00C04F79EFBC}") = "MathSe.Test", "..\MathSe.Test\MathSe.Test.csproj", "{40AA55B7-089E-4ECE-B7DA-DCC3506C2D9F}"
EndProject
Global
	GlobalSection(SolutionConfigurationPlatforms) = preSolution
		Debug|Any CPU = Debug|Any CPU
		Release|Any CPU = Release|Any CPU
	EndGlobalSection
	GlobalSection(ProjectConfigurationPlatforms) = postSolution
		{4F10209E-17B2-4B5F-8476-7B509D9F5C1B}.Debug|Any CPU.ActiveCfg = Debug|Any CPU
		{4F10209E-17B2-4B5F-8476-7B509D9F5C1B}.Debug|Any CPU.Build.0 = Debug|Any CPU
		{4F10209E-17B2-4B5F-8476-7B509D9F5C1B}.Release|Any CPU.ActiveCfg = Release|Any CPU
		{4F10209E-17B2-4B5F-8476-7B509D9F5C1B}.Release|Any CPU.Build.0 = Release|Any CPU
		{40AA55B7-089E-4ECE-B7DA-DCC3506C2D9F}.Debug|Any CPU.ActiveCfg = Debug|Any CPU
		{40AA55B7-089E-4ECE-B7DA-DCC3506C2D9F}.Debug|Any CPU.Build.0 = Debug|Any CPU
		{40AA55B7-089E-4ECE-B7DA-DCC3506C2D9F}.Release|Any CPU.ActiveCfg = Release|Any CPU
		{40AA55B7-089E-4ECE-B7DA-DCC3506C2D9F}.Release|Any CPU.Build.0 = Release|Any CPU
	EndGlobalSection
	GlobalSection(SolutionProperties) = preSolution
		HideSolutionNode = FALSE
	EndGlobalSection
	GlobalSection(ExtensibilityGlobals) = postSolution
		SolutionGuid = {B5AACD68-E913-423B-AD7F-D43BBDEA2502}
	EndGlobalSection
EndGlobal
